
Microsoft Visual Studio Solution File, Format Version 12.00
# Visual Studio 15
VisualStudioVersion = 15.0.28010.2041
MinimumVisualStudioVersion = 10.0.40219.1
Project("{FAE04EC0-301F-11D3-BF4B-00C04F79EFBC}") = "PersonajesLol-UI", "PersonajesLol-UI\PersonajesLol-UI.csproj", "{8A728E2F-3D1E-4AA3-9060-CB08DD94600B}"
EndProject
Project("{FAE04EC0-301F-11D3-BF4B-00C04F79EFBC}") = "PersonajesLol-DAL", "PersonajesLol-DAL\PersonajesLol-DAL.csproj", "{AF9B0AE9-AE01-45C4-863D-DCB85AE053C2}"
EndProject
Project("{FAE04EC0-301F-11D3-BF4B-00C04F79EFBC}") = "PersonajesLol-BL", "PersonajesLol-BL\PersonajesLol-BL.csproj", "{FAC1768B-3F76-40ED-B9E0-A1B4225EFE58}"
EndProject
Project("{FAE04EC0-301F-11D3-BF4B-00C04F79EFBC}") = "PersonajesLol-Entidades", "PersonajesLol-Entidades\PersonajesLol-Entidades.csproj", "{03375A53-4EAB-4C8C-99A6-087E2D1A5731}"
EndProject
Global
	GlobalSection(SolutionConfigurationPlatforms) = preSolution
		Debug|Any CPU = Debug|Any CPU
		Release|Any CPU = Release|Any CPU
	EndGlobalSection
	GlobalSection(ProjectConfigurationPlatforms) = postSolution
		{8A728E2F-3D1E-4AA3-9060-CB08DD94600B}.Debug|Any CPU.ActiveCfg = Debug|Any CPU
		{8A728E2F-3D1E-4AA3-9060-CB08DD94600B}.Debug|Any CPU.Build.0 = Debug|Any CPU
		{8A728E2F-3D1E-4AA3-9060-CB08DD94600B}.Release|Any CPU.ActiveCfg = Release|Any CPU
		{8A728E2F-3D1E-4AA3-9060-CB08DD94600B}.Release|Any CPU.Build.0 = Release|Any CPU
		{AF9B0AE9-AE01-45C4-863D-DCB85AE053C2}.Debug|Any CPU.ActiveCfg = Debug|Any CPU
		{AF9B0AE9-AE01-45C4-863D-DCB85AE053C2}.Debug|Any CPU.Build.0 = Debug|Any CPU
		{AF9B0AE9-AE01-45C4-863D-DCB85AE053C2}.Release|Any CPU.ActiveCfg = Release|Any CPU
		{AF9B0AE9-AE01-45C4-863D-DCB85AE053C2}.Release|Any CPU.Build.0 = Release|Any CPU
		{FAC1768B-3F76-40ED-B9E0-A1B4225EFE58}.Debug|Any CPU.ActiveCfg = Debug|Any CPU
		{FAC1768B-3F76-40ED-B9E0-A1B4225EFE58}.Debug|Any CPU.Build.0 = Debug|Any CPU
		{FAC1768B-3F76-40ED-B9E0-A1B4225EFE58}.Release|Any CPU.ActiveCfg = Release|Any CPU
		{FAC1768B-3F76-40ED-B9E0-A1B4225EFE58}.Release|Any CPU.Build.0 = Release|Any CPU
		{03375A53-4EAB-4C8C-99A6-087E2D1A5731}.Debug|Any CPU.ActiveCfg = Debug|Any CPU
		{03375A53-4EAB-4C8C-99A6-087E2D1A5731}.Debug|Any CPU.Build.0 = Debug|Any CPU
		{03375A53-4EAB-4C8C-99A6-087E2D1A5731}.Release|Any CPU.ActiveCfg = Release|Any CPU
		{03375A53-4EAB-4C8C-99A6-087E2D1A5731}.Release|Any CPU.Build.0 = Release|Any CPU
	EndGlobalSection
	GlobalSection(SolutionProperties) = preSolution
		HideSolutionNode = FALSE
	EndGlobalSection
	GlobalSection(ExtensibilityGlobals) = postSolution
		SolutionGuid = {5E6BA498-1050-4BCB-AAF0-2087CD7F68A2}
	EndGlobalSection
EndGlobal
